PODS:
  - Differentiator (5.0.0)
  - "NSObject+Rx (5.2.0)":
    - RxSwift (~> 6.0.0)
  - RxCocoa (6.0.0):
    - RxRelay (= 6.0.0)
    - RxSwift (= 6.0.0)
  - RxDataSources (5.0.0):
    - Differentiator (~> 5.0)
    - RxCocoa (~> 6.0)
    - RxSwift (~> 6.0)
  - RxRelay (6.0.0):
    - RxSwift (= 6.0.0)
  - RxSwift (6.0.0)

DEPENDENCIES:
  - "NSObject+Rx"
  - RxCocoa
  - RxDataSources
  - RxSwift

SPEC REPOS:
  trunk:
    - Differentiator
    - "NSObject+Rx"
    - RxCocoa
    - RxDataSources
    - RxRelay
    - RxSwift

SPEC CHECKSUMS:
  Differentiator: e8497ceab83c1b10ca233716d547b9af21b9344d
  "NSObject+Rx": 488b91a66043cc47de9cd5de9264f2ae1e2fcb13
  RxCocoa: 3f79328fafa3645b34600f37c31e64c73ae3a80e
  RxDataSources: aa47cc1ed6c500fa0dfecac5c979b723542d79cf
  RxRelay: 8d593be109c06ea850df027351beba614b012ffb
  RxSwift: c14e798c59b9f6e9a2df8fd235602e85cc044295

PODFILE CHECKSUM: fdc132ac2f9aefd1209a61c4d358d5bfe24fbae5

COCOAPODS: 1.10.1
