// !$*UTF8*$!
{
	archiveVersion = 1;
	classes = {
	};
	objectVersion = 51;
	objects = {

/* Begin PBXBuildFile section */
		3412562525C41AF200D57C26 /* AppDelegate.swift in Sources */ = {isa = PBXBuildFile; fileRef = 3412562425C41AF200D57C26 /* AppDelegate.swift */; };
		3412562725C41AF200D57C26 /* SceneDelegate.swift in Sources */ = {isa = PBXBuildFile; fileRef = 3412562625C41AF200D57C26 /* SceneDelegate.swift */; };
		3412562925C41AF200D57C26 /* ViewController.swift in Sources */ = {isa = PBXBuildFile; fileRef = 3412562825C41AF200D57C26 /* ViewController.swift */; };
		3412562C25C41AF200D57C26 /* Main.storyboard in Resources */ = {isa = PBXBuildFile; fileRef = 3412562A25C41AF200D57C26 /* Main.storyboard */; };
		3412562E25C41AF400D57C26 /* Assets.xcassets in Resources */ = {isa = PBXBuildFile; fileRef = 3412562D25C41AF400D57C26 /* Assets.xcassets */; };
		3412563125C41AF400D57C26 /* LaunchScreen.storyboard in Resources */ = {isa = PBXBuildFile; fileRef = 3412562F25C41AF400D57C26 /* LaunchScreen.storyboard */; };
		3412563B25C41CB400D57C26 /* APIKey.swift in Sources */ = {isa = PBXBuildFile; fileRef = 3412563A25C41CB400D57C26 /* APIKey.swift */; };
		3412564025C4472D00D57C26 /* SummaryTableViewCell.swift in Sources */ = {isa = PBXBuildFile; fileRef = 3412563F25C4472D00D57C26 /* SummaryTableViewCell.swift */; };
		3412564425C4474900D57C26 /* ForecastTableViewCell.swift in Sources */ = {isa = PBXBuildFile; fileRef = 3412564325C4474900D57C26 /* ForecastTableViewCell.swift */; };
		3426D72125C567160066E9E8 /* ApiError.swift in Sources */ = {isa = PBXBuildFile; fileRef = 3426D72025C567160066E9E8 /* ApiError.swift */; };
		3426D72525C567440066E9E8 /* WeatherSummary.swift in Sources */ = {isa = PBXBuildFile; fileRef = 3426D72425C567440066E9E8 /* WeatherSummary.swift */; };
		3426D72825C5675E0066E9E8 /* Forecast.swift in Sources */ = {isa = PBXBuildFile; fileRef = 3426D72725C5675E0066E9E8 /* Forecast.swift */; };
		3426D72C25C5679D0066E9E8 /* WeatherDataSource.swift in Sources */ = {isa = PBXBuildFile; fileRef = 3426D72B25C5679D0066E9E8 /* WeatherDataSource.swift */; };
		3426D73425C570000066E9E8 /* ImageProvider.swift in Sources */ = {isa = PBXBuildFile; fileRef = 3426D73325C570000066E9E8 /* ImageProvider.swift */; };
		3426D73825C574F30066E9E8 /* Double+Formatter.swift in Sources */ = {isa = PBXBuildFile; fileRef = 3426D73725C574F30066E9E8 /* Double+Formatter.swift */; };
		3426D73B25C585090066E9E8 /* Date+Formatter.swift in Sources */ = {isa = PBXBuildFile; fileRef = 3426D73A25C585090066E9E8 /* Date+Formatter.swift */; };
		3426D73F25C592B30066E9E8 /* LocationManager.swift in Sources */ = {isa = PBXBuildFile; fileRef = 3426D73E25C592B30066E9E8 /* LocationManager.swift */; };
		34A0C45B25CA56FB00C7BECD /* 금남로.gpx in Resources */ = {isa = PBXBuildFile; fileRef = 34A0C45525CA56FB00C7BECD /* 금남로.gpx */; };
		34A0C45C25CA56FB00C7BECD /* 강릉항.gpx in Resources */ = {isa = PBXBuildFile; fileRef = 34A0C45625CA56FB00C7BECD /* 강릉항.gpx */; };
		34A0C45D25CA56FB00C7BECD /* 광안리.gpx in Resources */ = {isa = PBXBuildFile; fileRef = 34A0C45725CA56FB00C7BECD /* 광안리.gpx */; };
		34A0C45E25CA56FB00C7BECD /* 동성로.gpx in Resources */ = {isa = PBXBuildFile; fileRef = 34A0C45825CA56FB00C7BECD /* 동성로.gpx */; };
		34A0C45F25CA56FB00C7BECD /* 제주공항.gpx in Resources */ = {isa = PBXBuildFile; fileRef = 34A0C45925CA56FB00C7BECD /* 제주공항.gpx */; };
		34A0C46025CA56FB00C7BECD /* 강남역.gpx in Resources */ = {isa = PBXBuildFile; fileRef = 34A0C45A25CA56FB00C7BECD /* 강남역.gpx */; };
		34A0C46625CA57B300C7BECD /* UIImage+Weather.swift in Sources */ = {isa = PBXBuildFile; fileRef = 34A0C46525CA57B300C7BECD /* UIImage+Weather.swift */; };
		34A0C46B25CA5A2200C7BECD /* WeatherApiType.swift in Sources */ = {isa = PBXBuildFile; fileRef = 34A0C46A25CA5A2200C7BECD /* WeatherApiType.swift */; };
		34A0C46E25CA5AB700C7BECD /* WeatherApi.swift in Sources */ = {isa = PBXBuildFile; fileRef = 34A0C46D25CA5AB700C7BECD /* WeatherApi.swift */; };
		34A0C47125CA5BC200C7BECD /* Endpoint.swift in Sources */ = {isa = PBXBuildFile; fileRef = 34A0C47025CA5BC200C7BECD /* Endpoint.swift */; };
		34A0C47D25CA641B00C7BECD /* LocationProviderType.swift in Sources */ = {isa = PBXBuildFile; fileRef = 34A0C47C25CA641B00C7BECD /* LocationProviderType.swift */; };
		34A0C48125CA695700C7BECD /* StaticLocationProvider.swift in Sources */ = {isa = PBXBuildFile; fileRef = 34A0C48025CA695700C7BECD /* StaticLocationProvider.swift */; };
		34A0C48425CA69EF00C7BECD /* CLLocation+HotPlace.swift in Sources */ = {isa = PBXBuildFile; fileRef = 34A0C48325CA69EF00C7BECD /* CLLocation+HotPlace.swift */; };
		34A0C48725CA6C7700C7BECD /* MainViewModel.swift in Sources */ = {isa = PBXBuildFile; fileRef = 34A0C48625CA6C7700C7BECD /* MainViewModel.swift */; };
		34A0C48D25CA794100C7BECD /* SceneCoordinator.swift in Sources */ = {isa = PBXBuildFile; fileRef = 34A0C48925CA794000C7BECD /* SceneCoordinator.swift */; };
		34A0C48E25CA794100C7BECD /* SceneCoordinatorType.swift in Sources */ = {isa = PBXBuildFile; fileRef = 34A0C48A25CA794000C7BECD /* SceneCoordinatorType.swift */; };
		34A0C48F25CA794100C7BECD /* TransitionModel.swift in Sources */ = {isa = PBXBuildFile; fileRef = 34A0C48B25CA794000C7BECD /* TransitionModel.swift */; };
		34A0C49025CA794100C7BECD /* Scene.swift in Sources */ = {isa = PBXBuildFile; fileRef = 34A0C48C25CA794100C7BECD /* Scene.swift */; };
		34A0C49325CA7D3900C7BECD /* ViewModelBindableType.swift in Sources */ = {isa = PBXBuildFile; fileRef = 34A0C49225CA7D3900C7BECD /* ViewModelBindableType.swift */; };
		34CA20FB25CBDF1D0099C3CE /* RxCLLocationManagerDelegateProxy.swift in Sources */ = {isa = PBXBuildFile; fileRef = 34CA20FA25CBDF1D0099C3CE /* RxCLLocationManagerDelegateProxy.swift */; };
		34E564DD25C6F30E0000D170 /* WeatherDataType.swift in Sources */ = {isa = PBXBuildFile; fileRef = 34E564DC25C6F30E0000D170 /* WeatherDataType.swift */; };
		34E564E025C6F4810000D170 /* WeatherData.swift in Sources */ = {isa = PBXBuildFile; fileRef = 34E564DF25C6F4810000D170 /* WeatherData.swift */; };
		4FE3826D26500C94C5A3722B /* Pods_WeatherApp.framework in Frameworks */ = {isa = PBXBuildFile; fileRef = 50A2DAB9049EDE9EE3471780 /* Pods_WeatherApp.framework */; };
/* End PBXBuildFile section */

/* Begin PBXFileReference section */
		3412562125C41AF200D57C26 /* WeatherApp.app */ = {isa = PBXFileReference; explicitFileType = wrapper.application; includeInIndex = 0; path = WeatherApp.app; sourceTree = BUILT_PRODUCTS_DIR; };
		3412562425C41AF200D57C26 /* AppDelegate.swift */ = {isa = PBXFileReference; lastKnownFileType = sourcecode.swift; path = AppDelegate.swift; sourceTree = "<group>"; };
		3412562625C41AF200D57C26 /* SceneDelegate.swift */ = {isa = PBXFileReference; lastKnownFileType = sourcecode.swift; path = SceneDelegate.swift; sourceTree = "<group>"; };
		3412562825C41AF200D57C26 /* ViewController.swift */ = {isa = PBXFileReference; lastKnownFileType = sourcecode.swift; path = ViewController.swift; sourceTree = "<group>"; };
		3412562B25C41AF200D57C26 /* Base */ = {isa = PBXFileReference; lastKnownFileType = file.storyboard; name = Base; path = Base.lproj/Main.storyboard; sourceTree = "<group>"; };
		3412562D25C41AF400D57C26 /* Assets.xcassets */ = {isa = PBXFileReference; lastKnownFileType = folder.assetcatalog; path = Assets.xcassets; sourceTree = "<group>"; };
		3412563025C41AF400D57C26 /* Base */ = {isa = PBXFileReference; lastKnownFileType = file.storyboard; name = Base; path = Base.lproj/LaunchScreen.storyboard; sourceTree = "<group>"; };
		3412563225C41AF400D57C26 /* Info.plist */ = {isa = PBXFileReference; lastKnownFileType = text.plist.xml; path = Info.plist; sourceTree = "<group>"; };
		3412563A25C41CB400D57C26 /* APIKey.swift */ = {isa = PBXFileReference; lastKnownFileType = sourcecode.swift; path = APIKey.swift; sourceTree = "<group>"; };
		3412563F25C4472D00D57C26 /* SummaryTableViewCell.swift */ = {isa = PBXFileReference; lastKnownFileType = sourcecode.swift; path = SummaryTableViewCell.swift; sourceTree = "<group>"; };
		3412564325C4474900D57C26 /* ForecastTableViewCell.swift */ = {isa = PBXFileReference; lastKnownFileType = sourcecode.swift; path = ForecastTableViewCell.swift; sourceTree = "<group>"; };
		3426D72025C567160066E9E8 /* ApiError.swift */ = {isa = PBXFileReference; lastKnownFileType = sourcecode.swift; path = ApiError.swift; sourceTree = "<group>"; };
		3426D72425C567440066E9E8 /* WeatherSummary.swift */ = {isa = PBXFileReference; lastKnownFileType = sourcecode.swift; path = WeatherSummary.swift; sourceTree = "<group>"; };
		3426D72725C5675E0066E9E8 /* Forecast.swift */ = {isa = PBXFileReference; lastKnownFileType = sourcecode.swift; path = Forecast.swift; sourceTree = "<group>"; };
		3426D72B25C5679D0066E9E8 /* WeatherDataSource.swift */ = {isa = PBXFileReference; lastKnownFileType = sourcecode.swift; path = WeatherDataSource.swift; sourceTree = "<group>"; };
		3426D73325C570000066E9E8 /* ImageProvider.swift */ = {isa = PBXFileReference; lastKnownFileType = sourcecode.swift; path = ImageProvider.swift; sourceTree = "<group>"; };
		3426D73725C574F30066E9E8 /* Double+Formatter.swift */ = {isa = PBXFileReference; lastKnownFileType = sourcecode.swift; path = "Double+Formatter.swift"; sourceTree = "<group>"; };
		3426D73A25C585090066E9E8 /* Date+Formatter.swift */ = {isa = PBXFileReference; lastKnownFileType = sourcecode.swift; path = "Date+Formatter.swift"; sourceTree = "<group>"; };
		3426D73E25C592B30066E9E8 /* LocationManager.swift */ = {isa = PBXFileReference; lastKnownFileType = sourcecode.swift; path = LocationManager.swift; sourceTree = "<group>"; };
		34A0C45525CA56FB00C7BECD /* 금남로.gpx */ = {isa = PBXFileReference; fileEncoding = 4; lastKnownFileType = text.xml; path = "금남로.gpx"; sourceTree = "<group>"; };
		34A0C45625CA56FB00C7BECD /* 강릉항.gpx */ = {isa = PBXFileReference; fileEncoding = 4; lastKnownFileType = text.xml; path = "강릉항.gpx"; sourceTree = "<group>"; };
		34A0C45725CA56FB00C7BECD /* 광안리.gpx */ = {isa = PBXFileReference; fileEncoding = 4; lastKnownFileType = text.xml; path = "광안리.gpx"; sourceTree = "<group>"; };
		34A0C45825CA56FB00C7BECD /* 동성로.gpx */ = {isa = PBXFileReference; fileEncoding = 4; lastKnownFileType = text.xml; path = "동성로.gpx"; sourceTree = "<group>"; };
		34A0C45925CA56FB00C7BECD /* 제주공항.gpx */ = {isa = PBXFileReference; fileEncoding = 4; lastKnownFileType = text.xml; path = "제주공항.gpx"; sourceTree = "<group>"; };
		34A0C45A25CA56FB00C7BECD /* 강남역.gpx */ = {isa = PBXFileReference; fileEncoding = 4; lastKnownFileType = text.xml; path = "강남역.gpx"; sourceTree = "<group>"; };
		34A0C46525CA57B300C7BECD /* UIImage+Weather.swift */ = {isa = PBXFileReference; lastKnownFileType = sourcecode.swift; path = "UIImage+Weather.swift"; sourceTree = "<group>"; };
		34A0C46A25CA5A2200C7BECD /* WeatherApiType.swift */ = {isa = PBXFileReference; lastKnownFileType = sourcecode.swift; path = WeatherApiType.swift; sourceTree = "<group>"; };
		34A0C46D25CA5AB700C7BECD /* WeatherApi.swift */ = {isa = PBXFileReference; lastKnownFileType = sourcecode.swift; path = WeatherApi.swift; sourceTree = "<group>"; };
		34A0C47025CA5BC200C7BECD /* Endpoint.swift */ = {isa = PBXFileReference; lastKnownFileType = sourcecode.swift; path = Endpoint.swift; sourceTree = "<group>"; };
		34A0C47C25CA641B00C7BECD /* LocationProviderType.swift */ = {isa = PBXFileReference; lastKnownFileType = sourcecode.swift; path = LocationProviderType.swift; sourceTree = "<group>"; };
		34A0C48025CA695700C7BECD /* StaticLocationProvider.swift */ = {isa = PBXFileReference; lastKnownFileType = sourcecode.swift; path = StaticLocationProvider.swift; sourceTree = "<group>"; };
		34A0C48325CA69EF00C7BECD /* CLLocation+HotPlace.swift */ = {isa = PBXFileReference; lastKnownFileType = sourcecode.swift; path = "CLLocation+HotPlace.swift"; sourceTree = "<group>"; };
		34A0C48625CA6C7700C7BECD /* MainViewModel.swift */ = {isa = PBXFileReference; lastKnownFileType = sourcecode.swift; path = MainViewModel.swift; sourceTree = "<group>"; };
		34A0C48925CA794000C7BECD /* SceneCoordinator.swift */ = {isa = PBXFileReference; fileEncoding = 4; lastKnownFileType = sourcecode.swift; path = SceneCoordinator.swift; sourceTree = "<group>"; };
		34A0C48A25CA794000C7BECD /* SceneCoordinatorType.swift */ = {isa = PBXFileReference; fileEncoding = 4; lastKnownFileType = sourcecode.swift; path = SceneCoordinatorType.swift; sourceTree = "<group>"; };
		34A0C48B25CA794000C7BECD /* TransitionModel.swift */ = {isa = PBXFileReference; fileEncoding = 4; lastKnownFileType = sourcecode.swift; path = TransitionModel.swift; sourceTree = "<group>"; };
		34A0C48C25CA794100C7BECD /* Scene.swift */ = {isa = PBXFileReference; fileEncoding = 4; lastKnownFileType = sourcecode.swift; path = Scene.swift; sourceTree = "<group>"; };
		34A0C49225CA7D3900C7BECD /* ViewModelBindableType.swift */ = {isa = PBXFileReference; lastKnownFileType = sourcecode.swift; path = ViewModelBindableType.swift; sourceTree = "<group>"; };
		34CA20FA25CBDF1D0099C3CE /* RxCLLocationManagerDelegateProxy.swift */ = {isa = PBXFileReference; lastKnownFileType = sourcecode.swift; path = RxCLLocationManagerDelegateProxy.swift; sourceTree = "<group>"; };
		34E564DC25C6F30E0000D170 /* WeatherDataType.swift */ = {isa = PBXFileReference; lastKnownFileType = sourcecode.swift; path = WeatherDataType.swift; sourceTree = "<group>"; };
		34E564DF25C6F4810000D170 /* WeatherData.swift */ = {isa = PBXFileReference; lastKnownFileType = sourcecode.swift; path = WeatherData.swift; sourceTree = "<group>"; };
		3B7529674FCB5B25CE1C09C6 /* Pods-WeatherApp.debug.xcconfig */ = {isa = PBXFileReference; includeInIndex = 1; lastKnownFileType = text.xcconfig; name = "Pods-WeatherApp.debug.xcconfig"; path = "Target Support Files/Pods-WeatherApp/Pods-WeatherApp.debug.xcconfig"; sourceTree = "<group>"; };
		50A2DAB9049EDE9EE3471780 /* Pods_WeatherApp.framework */ = {isa = PBXFileReference; explicitFileType = wrapper.framework; includeInIndex = 0; path = Pods_WeatherApp.framework; sourceTree = BUILT_PRODUCTS_DIR; };
		5A42B6479D1FCACF834EC034 /* Pods-WeatherApp.release.xcconfig */ = {isa = PBXFileReference; includeInIndex = 1; lastKnownFileType = text.xcconfig; name = "Pods-WeatherApp.release.xcconfig"; path = "Target Support Files/Pods-WeatherApp/Pods-WeatherApp.release.xcconfig"; sourceTree = "<group>"; };
/* End PBXFileReference section */

/* Begin PBXFrameworksBuildPhase section */
		3412561E25C41AF200D57C26 /* Frameworks */ = {
			isa = PBXFrameworksBuildPhase;
			buildActionMask = 2147483647;
			files = (
				4FE3826D26500C94C5A3722B /* Pods_WeatherApp.framework in Frameworks */,
			);
			runOnlyForDeploymentPostprocessing = 0;
		};
/* End PBXFrameworksBuildPhase section */

/* Begin PBXGroup section */
		3412561825C41AF200D57C26 = {
			isa = PBXGroup;
			children = (
				3412562325C41AF200D57C26 /* WeatherApp */,
				3412562225C41AF200D57C26 /* Products */,
				4E7771DA529ABB0BAD4A3A7D /* Pods */,
				5D9E30B994EAB6B2FC5A780A /* Frameworks */,
			);
			sourceTree = "<group>";
		};
		3412562225C41AF200D57C26 /* Products */ = {
			isa = PBXGroup;
			children = (
				3412562125C41AF200D57C26 /* WeatherApp.app */,
			);
			name = Products;
			sourceTree = "<group>";
		};
		3412562325C41AF200D57C26 /* WeatherApp */ = {
			isa = PBXGroup;
			children = (
				3426D73D25C592A20066E9E8 /* Locations */,
				34E564D525C6E9FD0000D170 /* Extention */,
				34E564D225C6E97C0000D170 /* ViewController */,
				34E564D725C6EA3B0000D170 /* ViewModel */,
				3426D73625C574CC0066E9E8 /* Formatter */,
				34E564D625C6EA340000D170 /* Scene */,
				3426D72A25C5678B0066E9E8 /* Data */,
				3426D71F25C566E40066E9E8 /* Model */,
				34E564D925C6EA920000D170 /* Service */,
				3412562425C41AF200D57C26 /* AppDelegate.swift */,
				3412562625C41AF200D57C26 /* SceneDelegate.swift */,
				3412562D25C41AF400D57C26 /* Assets.xcassets */,
				3412562F25C41AF400D57C26 /* LaunchScreen.storyboard */,
				3412563225C41AF400D57C26 /* Info.plist */,
			);
			path = WeatherApp;
			sourceTree = "<group>";
		};
		3412563E25C4470400D57C26 /* cell */ = {
			isa = PBXGroup;
			children = (
				3412563F25C4472D00D57C26 /* SummaryTableViewCell.swift */,
				3412564325C4474900D57C26 /* ForecastTableViewCell.swift */,
			);
			path = cell;
			sourceTree = "<group>";
		};
		3426D71F25C566E40066E9E8 /* Model */ = {
			isa = PBXGroup;
			children = (
				3426D72025C567160066E9E8 /* ApiError.swift */,
				3426D72425C567440066E9E8 /* WeatherSummary.swift */,
				3426D72725C5675E0066E9E8 /* Forecast.swift */,
				34E564DC25C6F30E0000D170 /* WeatherDataType.swift */,
				34E564DF25C6F4810000D170 /* WeatherData.swift */,
			);
			path = Model;
			sourceTree = "<group>";
		};
		3426D72A25C5678B0066E9E8 /* Data */ = {
			isa = PBXGroup;
			children = (
				3426D72B25C5679D0066E9E8 /* WeatherDataSource.swift */,
				3426D73325C570000066E9E8 /* ImageProvider.swift */,
			);
			path = Data;
			sourceTree = "<group>";
		};
		3426D73625C574CC0066E9E8 /* Formatter */ = {
			isa = PBXGroup;
			children = (
				3426D73725C574F30066E9E8 /* Double+Formatter.swift */,
				3426D73A25C585090066E9E8 /* Date+Formatter.swift */,
			);
			path = Formatter;
			sourceTree = "<group>";
		};
		3426D73D25C592A20066E9E8 /* Locations */ = {
			isa = PBXGroup;
			children = (
				3426D73E25C592B30066E9E8 /* LocationManager.swift */,
				34A0C45A25CA56FB00C7BECD /* 강남역.gpx */,
				34A0C45625CA56FB00C7BECD /* 강릉항.gpx */,
				34A0C45725CA56FB00C7BECD /* 광안리.gpx */,
				34A0C45525CA56FB00C7BECD /* 금남로.gpx */,
				34A0C45825CA56FB00C7BECD /* 동성로.gpx */,
				34A0C45925CA56FB00C7BECD /* 제주공항.gpx */,
			);
			path = Locations;
			sourceTree = "<group>";
		};
		34E564D225C6E97C0000D170 /* ViewController */ = {
			isa = PBXGroup;
			children = (
				3412563E25C4470400D57C26 /* cell */,
				3412562A25C41AF200D57C26 /* Main.storyboard */,
				3412562825C41AF200D57C26 /* ViewController.swift */,
				34A0C49225CA7D3900C7BECD /* ViewModelBindableType.swift */,
			);
			path = ViewController;
			sourceTree = "<group>";
		};
		34E564D525C6E9FD0000D170 /* Extention */ = {
			isa = PBXGroup;
			children = (
				34A0C46525CA57B300C7BECD /* UIImage+Weather.swift */,
				34A0C48325CA69EF00C7BECD /* CLLocation+HotPlace.swift */,
			);
			path = Extention;
			sourceTree = "<group>";
		};
		34E564D625C6EA340000D170 /* Scene */ = {
			isa = PBXGroup;
			children = (
				34A0C48C25CA794100C7BECD /* Scene.swift */,
				34A0C48925CA794000C7BECD /* SceneCoordinator.swift */,
				34A0C48A25CA794000C7BECD /* SceneCoordinatorType.swift */,
				34A0C48B25CA794000C7BECD /* TransitionModel.swift */,
			);
			path = Scene;
			sourceTree = "<group>";
		};
		34E564D725C6EA3B0000D170 /* ViewModel */ = {
			isa = PBXGroup;
			children = (
				34A0C48625CA6C7700C7BECD /* MainViewModel.swift */,
			);
			path = ViewModel;
			sourceTree = "<group>";
		};
		34E564D925C6EA920000D170 /* Service */ = {
			isa = PBXGroup;
			children = (
				3412563A25C41CB400D57C26 /* APIKey.swift */,
				34A0C46A25CA5A2200C7BECD /* WeatherApiType.swift */,
				34A0C46D25CA5AB700C7BECD /* WeatherApi.swift */,
				34A0C47025CA5BC200C7BECD /* Endpoint.swift */,
				34A0C47C25CA641B00C7BECD /* LocationProviderType.swift */,
				34A0C48025CA695700C7BECD /* StaticLocationProvider.swift */,
				34CA20FA25CBDF1D0099C3CE /* RxCLLocationManagerDelegateProxy.swift */,
			);
			path = Service;
			sourceTree = "<group>";
		};
		4E7771DA529ABB0BAD4A3A7D /* Pods */ = {
			isa = PBXGroup;
			children = (
				3B7529674FCB5B25CE1C09C6 /* Pods-WeatherApp.debug.xcconfig */,
				5A42B6479D1FCACF834EC034 /* Pods-WeatherApp.release.xcconfig */,
			);
			path = Pods;
			sourceTree = "<group>";
		};
		5D9E30B994EAB6B2FC5A780A /* Frameworks */ = {
			isa = PBXGroup;
			children = (
				50A2DAB9049EDE9EE3471780 /* Pods_WeatherApp.framework */,
			);
			name = Frameworks;
			sourceTree = "<group>";
		};
/* End PBXGroup section */

/* Begin PBXNativeTarget section */
		3412562025C41AF200D57C26 /* WeatherApp */ = {
			isa = PBXNativeTarget;
			buildConfigurationList = 3412563525C41AF400D57C26 /* Build configuration list for PBXNativeTarget "WeatherApp" */;
			buildPhases = (
				15F7587653D5C155A5CCB653 /* [CP] Check Pods Manifest.lock */,
				3412561D25C41AF200D57C26 /* Sources */,
				3412561E25C41AF200D57C26 /* Frameworks */,
				3412561F25C41AF200D57C26 /* Resources */,
				A10A8A00C5C27DF1D251F1C8 /* [CP] Embed Pods Frameworks */,
			);
			buildRules = (
			);
			dependencies = (
			);
			name = WeatherApp;
			productName = WeatherApp;
			productReference = 3412562125C41AF200D57C26 /* WeatherApp.app */;
			productType = "com.apple.product-type.application";
		};
/* End PBXNativeTarget section */

/* Begin PBXProject section */
		3412561925C41AF200D57C26 /* Project object */ = {
			isa = PBXProject;
			attributes = {
				LastSwiftUpdateCheck = 1240;
				LastUpgradeCheck = 1240;
				TargetAttributes = {
					3412562025C41AF200D57C26 = {
						CreatedOnToolsVersion = 12.4;
					};
				};
			};
			buildConfigurationList = 3412561C25C41AF200D57C26 /* Build configuration list for PBXProject "WeatherApp" */;
			compatibilityVersion = "Xcode 9.3";
			developmentRegion = en;
			hasScannedForEncodings = 0;
			knownRegions = (
				en,
				Base,
			);
			mainGroup = 3412561825C41AF200D57C26;
			productRefGroup = 3412562225C41AF200D57C26 /* Products */;
			projectDirPath = "";
			projectRoot = "";
			targets = (
				3412562025C41AF200D57C26 /* WeatherApp */,
			);
		};
/* End PBXProject section */

/* Begin PBXResourcesBuildPhase section */
		3412561F25C41AF200D57C26 /* Resources */ = {
			isa = PBXResourcesBuildPhase;
			buildActionMask = 2147483647;
			files = (
				34A0C45D25CA56FB00C7BECD /* 광안리.gpx in Resources */,
				3412563125C41AF400D57C26 /* LaunchScreen.storyboard in Resources */,
				34A0C45E25CA56FB00C7BECD /* 동성로.gpx in Resources */,
				34A0C46025CA56FB00C7BECD /* 강남역.gpx in Resources */,
				34A0C45F25CA56FB00C7BECD /* 제주공항.gpx in Resources */,
				3412562E25C41AF400D57C26 /* Assets.xcassets in Resources */,
				34A0C45C25CA56FB00C7BECD /* 강릉항.gpx in Resources */,
				3412562C25C41AF200D57C26 /* Main.storyboard in Resources */,
				34A0C45B25CA56FB00C7BECD /* 금남로.gpx in Resources */,
			);
			runOnlyForDeploymentPostprocessing = 0;
		};
/* End PBXResourcesBuildPhase section */

/* Begin PBXShellScriptBuildPhase section */
		15F7587653D5C155A5CCB653 /* [CP] Check Pods Manifest.lock */ = {
			isa = PBXShellScriptBuildPhase;
			buildActionMask = 2147483647;
			files = (
			);
			inputFileListPaths = (
			);
			inputPaths = (
				"${PODS_PODFILE_DIR_PATH}/Podfile.lock",
				"${PODS_ROOT}/Manifest.lock",
			);
			name = "[CP] Check Pods Manifest.lock";
			outputFileListPaths = (
			);
			outputPaths = (
				"$(DERIVED_FILE_DIR)/Pods-WeatherApp-checkManifestLockResult.txt",
			);
			runOnlyForDeploymentPostprocessing = 0;
			shellPath = /bin/sh;
			shellScript = "diff \"${PODS_PODFILE_DIR_PATH}/Podfile.lock\" \"${PODS_ROOT}/Manifest.lock\" > /dev/null\nif [ $? != 0 ] ; then\n    # print error to STDERR\n    echo \"error: The sandbox is not in sync with the Podfile.lock. Run 'pod install' or update your CocoaPods installation.\" >&2\n    exit 1\nfi\n# This output is used by Xcode 'outputs' to avoid re-running this script phase.\necho \"SUCCESS\" > \"${SCRIPT_OUTPUT_FILE_0}\"\n";
			showEnvVarsInLog = 0;
		};
		A10A8A00C5C27DF1D251F1C8 /* [CP] Embed Pods Frameworks */ = {
			isa = PBXShellScriptBuildPhase;
			buildActionMask = 2147483647;
			files = (
			);
			inputFileListPaths = (
				"${PODS_ROOT}/Target Support Files/Pods-WeatherApp/Pods-WeatherApp-frameworks-${CONFIGURATION}-input-files.xcfilelist",
			);
			name = "[CP] Embed Pods Frameworks";
			outputFileListPaths = (
				"${PODS_ROOT}/Target Support Files/Pods-WeatherApp/Pods-WeatherApp-frameworks-${CONFIGURATION}-output-files.xcfilelist",
			);
			runOnlyForDeploymentPostprocessing = 0;
			shellPath = /bin/sh;
			shellScript = "\"${PODS_ROOT}/Target Support Files/Pods-WeatherApp/Pods-WeatherApp-frameworks.sh\"\n";
			showEnvVarsInLog = 0;
		};
/* End PBXShellScriptBuildPhase section */

/* Begin PBXSourcesBuildPhase section */
		3412561D25C41AF200D57C26 /* Sources */ = {
			isa = PBXSourcesBuildPhase;
			buildActionMask = 2147483647;
			files = (
				34A0C46E25CA5AB700C7BECD /* WeatherApi.swift in Sources */,
				34E564DD25C6F30E0000D170 /* WeatherDataType.swift in Sources */,
				3426D72125C567160066E9E8 /* ApiError.swift in Sources */,
				3426D73425C570000066E9E8 /* ImageProvider.swift in Sources */,
				34A0C49325CA7D3900C7BECD /* ViewModelBindableType.swift in Sources */,
				34A0C49025CA794100C7BECD /* Scene.swift in Sources */,
				3412564425C4474900D57C26 /* ForecastTableViewCell.swift in Sources */,
				34A0C48125CA695700C7BECD /* StaticLocationProvider.swift in Sources */,
				34A0C48D25CA794100C7BECD /* SceneCoordinator.swift in Sources */,
				3426D72525C567440066E9E8 /* WeatherSummary.swift in Sources */,
				34A0C47D25CA641B00C7BECD /* LocationProviderType.swift in Sources */,
				3412563B25C41CB400D57C26 /* APIKey.swift in Sources */,
				34E564E025C6F4810000D170 /* WeatherData.swift in Sources */,
				34A0C48E25CA794100C7BECD /* SceneCoordinatorType.swift in Sources */,
				3426D72825C5675E0066E9E8 /* Forecast.swift in Sources */,
				3412562925C41AF200D57C26 /* ViewController.swift in Sources */,
				3412562525C41AF200D57C26 /* AppDelegate.swift in Sources */,
				34A0C48425CA69EF00C7BECD /* CLLocation+HotPlace.swift in Sources */,
				3426D72C25C5679D0066E9E8 /* WeatherDataSource.swift in Sources */,
				3412564025C4472D00D57C26 /* SummaryTableViewCell.swift in Sources */,
				34A0C46625CA57B300C7BECD /* UIImage+Weather.swift in Sources */,
				34CA20FB25CBDF1D0099C3CE /* RxCLLocationManagerDelegateProxy.swift in Sources */,
				34A0C47125CA5BC200C7BECD /* Endpoint.swift in Sources */,
				3426D73F25C592B30066E9E8 /* LocationManager.swift in Sources */,
				3412562725C41AF200D57C26 /* SceneDelegate.swift in Sources */,
				3426D73B25C585090066E9E8 /* Date+Formatter.swift in Sources */,
				3426D73825C574F30066E9E8 /* Double+Formatter.swift in Sources */,
				34A0C48F25CA794100C7BECD /* TransitionModel.swift in Sources */,
				34A0C46B25CA5A2200C7BECD /* WeatherApiType.swift in Sources */,
				34A0C48725CA6C7700C7BECD /* MainViewModel.swift in Sources */,
			);
			runOnlyForDeploymentPostprocessing = 0;
		};
/* End PBXSourcesBuildPhase section */

/* Begin PBXVariantGroup section */
		3412562A25C41AF200D57C26 /* Main.storyboard */ = {
			isa = PBXVariantGroup;
			children = (
				3412562B25C41AF200D57C26 /* Base */,
			);
			name = Main.storyboard;
			sourceTree = "<group>";
		};
		3412562F25C41AF400D57C26 /* LaunchScreen.storyboard */ = {
			isa = PBXVariantGroup;
			children = (
				3412563025C41AF400D57C26 /* Base */,
			);
			name = LaunchScreen.storyboard;
			sourceTree = "<group>";
		};
/* End PBXVariantGroup section */

/* Begin XCBuildConfiguration section */
		3412563325C41AF400D57C26 /* Debug */ = {
			isa = XCBuildConfiguration;
			buildSettings = {
				ALWAYS_SEARCH_USER_PATHS = NO;
				CLANG_ANALYZER_NONNULL = YES;
				CLANG_ANALYZER_NUMBER_OBJECT_CONVERSION = YES_AGGRESSIVE;
				CLANG_CXX_LANGUAGE_STANDARD = "gnu++14";
				CLANG_CXX_LIBRARY = "libc++";
				CLANG_ENABLE_MODULES = YES;
				CLANG_ENABLE_OBJC_ARC = YES;
				CLANG_ENABLE_OBJC_WEAK = YES;
				CLANG_WARN_BLOCK_CAPTURE_AUTORELEASING = YES;
				CLANG_WARN_BOOL_CONVERSION = YES;
				CLANG_WARN_COMMA = YES;
				CLANG_WARN_CONSTANT_CONVERSION = YES;
				CLANG_WARN_DEPRECATED_OBJC_IMPLEMENTATIONS = YES;
				CLANG_WARN_DIRECT_OBJC_ISA_USAGE = YES_ERROR;
				CLANG_WARN_DOCUMENTATION_COMMENTS = YES;
				CLANG_WARN_EMPTY_BODY = YES;
				CLANG_WARN_ENUM_CONVERSION = YES;
				CLANG_WARN_INFINITE_RECURSION = YES;
				CLANG_WARN_INT_CONVERSION = YES;
				CLANG_WARN_NON_LITERAL_NULL_CONVERSION = YES;
				CLANG_WARN_OBJC_IMPLICIT_RETAIN_SELF = YES;
				CLANG_WARN_OBJC_LITERAL_CONVERSION = YES;
				CLANG_WARN_OBJC_ROOT_CLASS = YES_ERROR;
				CLANG_WARN_QUOTED_INCLUDE_IN_FRAMEWORK_HEADER = YES;
				CLANG_WARN_RANGE_LOOP_ANALYSIS = YES;
				CLANG_WARN_STRICT_PROTOTYPES = YES;
				CLANG_WARN_SUSPICIOUS_MOVE = YES;
				CLANG_WARN_UNGUARDED_AVAILABILITY = YES_AGGRESSIVE;
				CLANG_WARN_UNREACHABLE_CODE = YES;
				CLANG_WARN__DUPLICATE_METHOD_MATCH = YES;
				COPY_PHASE_STRIP = NO;
				DEBUG_INFORMATION_FORMAT = dwarf;
				ENABLE_STRICT_OBJC_MSGSEND = YES;
				ENABLE_TESTABILITY = YES;
				GCC_C_LANGUAGE_STANDARD = gnu11;
				GCC_DYNAMIC_NO_PIC = NO;
				GCC_NO_COMMON_BLOCKS = YES;
				GCC_OPTIMIZATION_LEVEL = 0;
				GCC_PREPROCESSOR_DEFINITIONS = (
					"DEBUG=1",
					"$(inherited)",
				);
				GCC_WARN_64_TO_32_BIT_CONVERSION = YES;
				GCC_WARN_ABOUT_RETURN_TYPE = YES_ERROR;
				GCC_WARN_UNDECLARED_SELECTOR = YES;
				GCC_WARN_UNINITIALIZED_AUTOS = YES_AGGRESSIVE;
				GCC_WARN_UNUSED_FUNCTION = YES;
				GCC_WARN_UNUSED_VARIABLE = YES;
				IPHONEOS_DEPLOYMENT_TARGET = 13.0;
				MTL_ENABLE_DEBUG_INFO = INCLUDE_SOURCE;
				MTL_FAST_MATH = YES;
				ONLY_ACTIVE_ARCH = YES;
				SDKROOT = iphoneos;
				SWIFT_ACTIVE_COMPILATION_CONDITIONS = DEBUG;
				SWIFT_OPTIMIZATION_LEVEL = "-Onone";
			};
			name = Debug;
		};
		3412563425C41AF400D57C26 /* Release */ = {
			isa = XCBuildConfiguration;
			buildSettings = {
				ALWAYS_SEARCH_USER_PATHS = NO;
				CLANG_ANALYZER_NONNULL = YES;
				CLANG_ANALYZER_NUMBER_OBJECT_CONVERSION = YES_AGGRESSIVE;
				CLANG_CXX_LANGUAGE_STANDARD = "gnu++14";
				CLANG_CXX_LIBRARY = "libc++";
				CLANG_ENABLE_MODULES = YES;
				CLANG_ENABLE_OBJC_ARC = YES;
				CLANG_ENABLE_OBJC_WEAK = YES;
				CLANG_WARN_BLOCK_CAPTURE_AUTORELEASING = YES;
				CLANG_WARN_BOOL_CONVERSION = YES;
				CLANG_WARN_COMMA = YES;
				CLANG_WARN_CONSTANT_CONVERSION = YES;
				CLANG_WARN_DEPRECATED_OBJC_IMPLEMENTATIONS = YES;
				CLANG_WARN_DIRECT_OBJC_ISA_USAGE = YES_ERROR;
				CLANG_WARN_DOCUMENTATION_COMMENTS = YES;
				CLANG_WARN_EMPTY_BODY = YES;
				CLANG_WARN_ENUM_CONVERSION = YES;
				CLANG_WARN_INFINITE_RECURSION = YES;
				CLANG_WARN_INT_CONVERSION = YES;
				CLANG_WARN_NON_LITERAL_NULL_CONVERSION = YES;
				CLANG_WARN_OBJC_IMPLICIT_RETAIN_SELF = YES;
				CLANG_WARN_OBJC_LITERAL_CONVERSION = YES;
				CLANG_WARN_OBJC_ROOT_CLASS = YES_ERROR;
				CLANG_WARN_QUOTED_INCLUDE_IN_FRAMEWORK_HEADER = YES;
				CLANG_WARN_RANGE_LOOP_ANALYSIS = YES;
				CLANG_WARN_STRICT_PROTOTYPES = YES;
				CLANG_WARN_SUSPICIOUS_MOVE = YES;
				CLANG_WARN_UNGUARDED_AVAILABILITY = YES_AGGRESSIVE;
				CLANG_WARN_UNREACHABLE_CODE = YES;
				CLANG_WARN__DUPLICATE_METHOD_MATCH = YES;
				COPY_PHASE_STRIP = NO;
				DEBUG_INFORMATION_FORMAT = "dwarf-with-dsym";
				ENABLE_NS_ASSERTIONS = NO;
				ENABLE_STRICT_OBJC_MSGSEND = YES;
				GCC_C_LANGUAGE_STANDARD = gnu11;
				GCC_NO_COMMON_BLOCKS = YES;
				GCC_WARN_64_TO_32_BIT_CONVERSION = YES;
				GCC_WARN_ABOUT_RETURN_TYPE = YES_ERROR;
				GCC_WARN_UNDECLARED_SELECTOR = YES;
				GCC_WARN_UNINITIALIZED_AUTOS = YES_AGGRESSIVE;
				GCC_WARN_UNUSED_FUNCTION = YES;
				GCC_WARN_UNUSED_VARIABLE = YES;
				IPHONEOS_DEPLOYMENT_TARGET = 13.0;
				MTL_ENABLE_DEBUG_INFO = NO;
				MTL_FAST_MATH = YES;
				SDKROOT = iphoneos;
				SWIFT_COMPILATION_MODE = wholemodule;
				SWIFT_OPTIMIZATION_LEVEL = "-O";
				VALIDATE_PRODUCT = YES;
			};
			name = Release;
		};
		3412563625C41AF400D57C26 /* Debug */ = {
			isa = XCBuildConfiguration;
			baseConfigurationReference = 3B7529674FCB5B25CE1C09C6 /* Pods-WeatherApp.debug.xcconfig */;
			buildSettings = {
				ASSETCATALOG_COMPILER_APPICON_NAME = AppIcon;
				ASSETCATALOG_COMPILER_GLOBAL_ACCENT_COLOR_NAME = AccentColor;
				CODE_SIGN_STYLE = Automatic;
				DEVELOPMENT_TEAM = 4WAJS5YV8W;
				INFOPLIST_FILE = WeatherApp/Info.plist;
				IPHONEOS_DEPLOYMENT_TARGET = 11.0;
				LD_RUNPATH_SEARCH_PATHS = (
					"$(inherited)",
					"@executable_path/Frameworks",
				);
				PRODUCT_BUNDLE_IDENTIFIER = SungminPark.WeatherApp;
				PRODUCT_NAME = "$(TARGET_NAME)";
				SWIFT_VERSION = 5.0;
				TARGETED_DEVICE_FAMILY = "1,2";
			};
			name = Debug;
		};
		3412563725C41AF400D57C26 /* Release */ = {
			isa = XCBuildConfiguration;
			baseConfigurationReference = 5A42B6479D1FCACF834EC034 /* Pods-WeatherApp.release.xcconfig */;
			buildSettings = {
				ASSETCATALOG_COMPILER_APPICON_NAME = AppIcon;
				ASSETCATALOG_COMPILER_GLOBAL_ACCENT_COLOR_NAME = AccentColor;
				CODE_SIGN_STYLE = Automatic;
				DEVELOPMENT_TEAM = 4WAJS5YV8W;
				INFOPLIST_FILE = WeatherApp/Info.plist;
				IPHONEOS_DEPLOYMENT_TARGET = 11.0;
				LD_RUNPATH_SEARCH_PATHS = (
					"$(inherited)",
					"@executable_path/Frameworks",
				);
				PRODUCT_BUNDLE_IDENTIFIER = SungminPark.WeatherApp;
				PRODUCT_NAME = "$(TARGET_NAME)";
				SWIFT_VERSION = 5.0;
				TARGETED_DEVICE_FAMILY = "1,2";
			};
			name = Release;
		};
/* End XCBuildConfiguration section */

/* Begin XCConfigurationList section */
		3412561C25C41AF200D57C26 /* Build configuration list for PBXProject "WeatherApp" */ = {
			isa = XCConfigurationList;
			buildConfigurations = (
				3412563325C41AF400D57C26 /* Debug */,
				3412563425C41AF400D57C26 /* Release */,
			);
			defaultConfigurationIsVisible = 0;
			defaultConfigurationName = Release;
		};
		3412563525C41AF400D57C26 /* Build configuration list for PBXNativeTarget "WeatherApp" */ = {
			isa = XCConfigurationList;
			buildConfigurations = (
				3412563625C41AF400D57C26 /* Debug */,
				3412563725C41AF400D57C26 /* Release */,
			);
			defaultConfigurationIsVisible = 0;
			defaultConfigurationName = Release;
		};
/* End XCConfigurationList section */
	};
	rootObject = 3412561925C41AF200D57C26 /* Project object */;
}
